
Microsoft Visual Studio Solution File, Format Version 12.00
# Visual Studio 2013
VisualStudioVersion = 12.0.31101.0
MinimumVisualStudioVersion = 10.0.40219.1
Project("{FAE04EC0-301F-11D3-BF4B-00C04F79EFBC}") = "AutoJIT.Parser", "AutoJIT.Parser\AutoJIT.Parser.csproj", "{62DDB9A0-7AA3-411F-B0C3-DA4DFE22299B}"
EndProject
Project("{FAE04EC0-301F-11D3-BF4B-00C04F79EFBC}") = "AutoJIT.Compiler", "AutoJIT.Compiler\AutoJIT.Compiler.csproj", "{A702CB78-13EA-414A-AFBE-C9CD3126DB77}"
EndProject
Project("{FAE04EC0-301F-11D3-BF4B-00C04F79EFBC}") = "AutoJIT.CSharpConverter", "AutoJIT.ConversionModule\AutoJIT.CSharpConverter.csproj", "{214CCAE7-ED76-4F22-85B6-1F0AD95798D1}"
EndProject
Project("{FAE04EC0-301F-11D3-BF4B-00C04F79EFBC}") = "AutoJIT.Runtime", "AutoJIT.Runtime\AutoJIT.Runtime.csproj", "{F0E90F7F-F287-423B-AE31-BDA2FF7532FD}"
EndProject
Project("{FAE04EC0-301F-11D3-BF4B-00C04F79EFBC}") = "AutoJIT.CompilerApplication", "AutoJIT.CompilerApplication\AutoJIT.CompilerApplication.csproj", "{948112E9-BC5F-4EDA-8801-0D0E2779C728}"
EndProject
Project("{2150E333-8FDC-42A3-9474-1A3956D46DE8}") = ".nuget", ".nuget", "{47DAC42D-5F94-429A-A3A3-5FA3C653B0D7}"
	ProjectSection(SolutionItems) = preProject
		.nuget\packages.config = .nuget\packages.config
	EndProjectSection
EndProject
Project("{FAE04EC0-301F-11D3-BF4B-00C04F79EFBC}") = "LiveConversion", "LiveConversion\LiveConversion.csproj", "{67766AB7-1F88-4B34-9670-AA857C1125B7}"
EndProject
Project("{FAE04EC0-301F-11D3-BF4B-00C04F79EFBC}") = "IntegrationTests", "IntegrationTests\IntegrationTests.csproj", "{6C5A2E42-EEE7-482E-9097-A3BC2C0529A1}"
EndProject
Project("{8BC9CEB8-8B4A-11D0-8D11-00A0C91BC942}") = "UnmanagedTestDll", "UnmanagedTestDll\UnmanagedTestDll.vcxproj", "{93866026-C8AC-4705-AB8D-D230FEB96616}"
EndProject
Project("{FAE04EC0-301F-11D3-BF4B-00C04F79EFBC}") = "PerformanceTestConsole", "PerformanceTestConsole\PerformanceTestConsole.csproj", "{0C82CE8B-1D27-4187-8DCF-13CFD33E35C8}"
EndProject
Project("{2150E333-8FDC-42A3-9474-1A3956D46DE8}") = "Tests", "Tests", "{75FBA7BB-7D03-4E5E-AB6C-E6263957FA03}"
EndProject
Project("{2150E333-8FDC-42A3-9474-1A3956D46DE8}") = "Application", "Application", "{EB37EA02-4384-4DD1-92AE-DC69992D1A41}"
EndProject
Project("{FAE04EC0-301F-11D3-BF4B-00C04F79EFBC}") = "AutoJIT.Contrib", "AutoJIT.Infrastructure\AutoJIT.Contrib.csproj", "{BD7EC48E-68B2-43CF-A23C-CAAAABCF2C55}"
EndProject
Project("{FAE04EC0-301F-11D3-BF4B-00C04F79EFBC}") = "UniTests", "UniTests\UniTests.csproj", "{9C62FF1A-BD72-4E18-BE73-163FFB12100A}"
EndProject
Project("{FAE04EC0-301F-11D3-BF4B-00C04F79EFBC}") = "AutoJIT.WrapIt", "AutoJIT.WrapIt\AutoJIT.WrapIt.csproj", "{28EAE4BF-96B9-435E-A569-1E1B1B0EC2CA}"
EndProject
Project("{FAE04EC0-301F-11D3-BF4B-00C04F79EFBC}") = "AutoJIT.CodeCleanup", "AutoJIT.CodeCleanup\AutoJIT.CodeCleanup.csproj", "{2C446885-DA09-486F-9EA5-2146D8258AEC}"
EndProject
Project("{FAE04EC0-301F-11D3-BF4B-00C04F79EFBC}") = "AutoJIT.ExtendIt", "AutoJIT.ExtendIt\AutoJIT.ExtendIt.csproj", "{23629581-FB9A-4C98-844C-7F66786AB361}"
EndProject
Global
	GlobalSection(SolutionConfigurationPlatforms) = preSolution
		Debug|Any CPU = Debug|Any CPU
		Debug|ARM = Debug|ARM
		Debug|Mixed Platforms = Debug|Mixed Platforms
		Debug|Win32 = Debug|Win32
		Debug|x64 = Debug|x64
		Debug|x86 = Debug|x86
		Release|Any CPU = Release|Any CPU
		Release|ARM = Release|ARM
		Release|Mixed Platforms = Release|Mixed Platforms
		Release|Win32 = Release|Win32
		Release|x64 = Release|x64
		Release|x86 = Release|x86
	EndGlobalSection
	GlobalSection(ProjectConfigurationPlatforms) = postSolution
		{62DDB9A0-7AA3-411F-B0C3-DA4DFE22299B}.Debug|Any CPU.ActiveCfg = Debug|Any CPU
		{62DDB9A0-7AA3-411F-B0C3-DA4DFE22299B}.Debug|Any CPU.Build.0 = Debug|Any CPU
		{62DDB9A0-7AA3-411F-B0C3-DA4DFE22299B}.Debug|ARM.ActiveCfg = Debug|Any CPU
		{62DDB9A0-7AA3-411F-B0C3-DA4DFE22299B}.Debug|Mixed Platforms.ActiveCfg = Debug|Any CPU
		{62DDB9A0-7AA3-411F-B0C3-DA4DFE22299B}.Debug|Mixed Platforms.Build.0 = Debug|Any CPU
		{62DDB9A0-7AA3-411F-B0C3-DA4DFE22299B}.Debug|Win32.ActiveCfg = Debug|Any CPU
		{62DDB9A0-7AA3-411F-B0C3-DA4DFE22299B}.Debug|x64.ActiveCfg = Debug|Any CPU
		{62DDB9A0-7AA3-411F-B0C3-DA4DFE22299B}.Debug|x86.ActiveCfg = Debug|Any CPU
		{62DDB9A0-7AA3-411F-B0C3-DA4DFE22299B}.Release|Any CPU.ActiveCfg = Release|Any CPU
		{62DDB9A0-7AA3-411F-B0C3-DA4DFE22299B}.Release|Any CPU.Build.0 = Release|Any CPU
		{62DDB9A0-7AA3-411F-B0C3-DA4DFE22299B}.Release|ARM.ActiveCfg = Release|Any CPU
		{62DDB9A0-7AA3-411F-B0C3-DA4DFE22299B}.Release|Mixed Platforms.ActiveCfg = Release|Any CPU
		{62DDB9A0-7AA3-411F-B0C3-DA4DFE22299B}.Release|Mixed Platforms.Build.0 = Release|Any CPU
		{62DDB9A0-7AA3-411F-B0C3-DA4DFE22299B}.Release|Win32.ActiveCfg = Release|Any CPU
		{62DDB9A0-7AA3-411F-B0C3-DA4DFE22299B}.Release|x64.ActiveCfg = Release|Any CPU
		{62DDB9A0-7AA3-411F-B0C3-DA4DFE22299B}.Release|x86.ActiveCfg = Release|Any CPU
		{A702CB78-13EA-414A-AFBE-C9CD3126DB77}.Debug|Any CPU.ActiveCfg = Debug|Any CPU
		{A702CB78-13EA-414A-AFBE-C9CD3126DB77}.Debug|Any CPU.Build.0 = Debug|Any CPU
		{A702CB78-13EA-414A-AFBE-C9CD3126DB77}.Debug|ARM.ActiveCfg = Debug|Any CPU
		{A702CB78-13EA-414A-AFBE-C9CD3126DB77}.Debug|Mixed Platforms.ActiveCfg = Debug|Any CPU
		{A702CB78-13EA-414A-AFBE-C9CD3126DB77}.Debug|Mixed Platforms.Build.0 = Debug|Any CPU
		{A702CB78-13EA-414A-AFBE-C9CD3126DB77}.Debug|Win32.ActiveCfg = Debug|Any CPU
		{A702CB78-13EA-414A-AFBE-C9CD3126DB77}.Debug|x64.ActiveCfg = Debug|x64
		{A702CB78-13EA-414A-AFBE-C9CD3126DB77}.Debug|x64.Build.0 = Debug|x64
		{A702CB78-13EA-414A-AFBE-C9CD3126DB77}.Debug|x86.ActiveCfg = Debug|Any CPU
		{A702CB78-13EA-414A-AFBE-C9CD3126DB77}.Release|Any CPU.ActiveCfg = Release|Any CPU
		{A702CB78-13EA-414A-AFBE-C9CD3126DB77}.Release|Any CPU.Build.0 = Release|Any CPU
		{A702CB78-13EA-414A-AFBE-C9CD3126DB77}.Release|ARM.ActiveCfg = Release|Any CPU
		{A702CB78-13EA-414A-AFBE-C9CD3126DB77}.Release|Mixed Platforms.ActiveCfg = Release|Any CPU
		{A702CB78-13EA-414A-AFBE-C9CD3126DB77}.Release|Mixed Platforms.Build.0 = Release|Any CPU
		{A702CB78-13EA-414A-AFBE-C9CD3126DB77}.Release|Win32.ActiveCfg = Release|Any CPU
		{A702CB78-13EA-414A-AFBE-C9CD3126DB77}.Release|x64.ActiveCfg = Release|x64
		{A702CB78-13EA-414A-AFBE-C9CD3126DB77}.Release|x64.Build.0 = Release|x64
		{A702CB78-13EA-414A-AFBE-C9CD3126DB77}.Release|x86.ActiveCfg = Release|Any CPU
		{214CCAE7-ED76-4F22-85B6-1F0AD95798D1}.Debug|Any CPU.ActiveCfg = Debug|Any CPU
		{214CCAE7-ED76-4F22-85B6-1F0AD95798D1}.Debug|Any CPU.Build.0 = Debug|Any CPU
		{214CCAE7-ED76-4F22-85B6-1F0AD95798D1}.Debug|ARM.ActiveCfg = Debug|Any CPU
		{214CCAE7-ED76-4F22-85B6-1F0AD95798D1}.Debug|Mixed Platforms.ActiveCfg = Debug|Any CPU
		{214CCAE7-ED76-4F22-85B6-1F0AD95798D1}.Debug|Mixed Platforms.Build.0 = Debug|Any CPU
		{214CCAE7-ED76-4F22-85B6-1F0AD95798D1}.Debug|Win32.ActiveCfg = Debug|Any CPU
		{214CCAE7-ED76-4F22-85B6-1F0AD95798D1}.Debug|x64.ActiveCfg = Debug|Any CPU
		{214CCAE7-ED76-4F22-85B6-1F0AD95798D1}.Debug|x86.ActiveCfg = Debug|Any CPU
		{214CCAE7-ED76-4F22-85B6-1F0AD95798D1}.Release|Any CPU.ActiveCfg = Release|Any CPU
		{214CCAE7-ED76-4F22-85B6-1F0AD95798D1}.Release|Any CPU.Build.0 = Release|Any CPU
		{214CCAE7-ED76-4F22-85B6-1F0AD95798D1}.Release|ARM.ActiveCfg = Release|Any CPU
		{214CCAE7-ED76-4F22-85B6-1F0AD95798D1}.Release|Mixed Platforms.ActiveCfg = Release|Any CPU
		{214CCAE7-ED76-4F22-85B6-1F0AD95798D1}.Release|Mixed Platforms.Build.0 = Release|Any CPU
		{214CCAE7-ED76-4F22-85B6-1F0AD95798D1}.Release|Win32.ActiveCfg = Release|Any CPU
		{214CCAE7-ED76-4F22-85B6-1F0AD95798D1}.Release|x64.ActiveCfg = Release|Any CPU
		{214CCAE7-ED76-4F22-85B6-1F0AD95798D1}.Release|x86.ActiveCfg = Release|Any CPU
		{F0E90F7F-F287-423B-AE31-BDA2FF7532FD}.Debug|Any CPU.ActiveCfg = Debug|Any CPU
		{F0E90F7F-F287-423B-AE31-BDA2FF7532FD}.Debug|Any CPU.Build.0 = Debug|Any CPU
		{F0E90F7F-F287-423B-AE31-BDA2FF7532FD}.Debug|ARM.ActiveCfg = Debug|Any CPU
		{F0E90F7F-F287-423B-AE31-BDA2FF7532FD}.Debug|Mixed Platforms.ActiveCfg = Debug|Any CPU
		{F0E90F7F-F287-423B-AE31-BDA2FF7532FD}.Debug|Mixed Platforms.Build.0 = Debug|Any CPU
		{F0E90F7F-F287-423B-AE31-BDA2FF7532FD}.Debug|Win32.ActiveCfg = Debug|Any CPU
		{F0E90F7F-F287-423B-AE31-BDA2FF7532FD}.Debug|x64.ActiveCfg = Debug|Any CPU
		{F0E90F7F-F287-423B-AE31-BDA2FF7532FD}.Debug|x86.ActiveCfg = Debug|Any CPU
		{F0E90F7F-F287-423B-AE31-BDA2FF7532FD}.Release|Any CPU.ActiveCfg = Release|Any CPU
		{F0E90F7F-F287-423B-AE31-BDA2FF7532FD}.Release|Any CPU.Build.0 = Release|Any CPU
		{F0E90F7F-F287-423B-AE31-BDA2FF7532FD}.Release|ARM.ActiveCfg = Release|Any CPU
		{F0E90F7F-F287-423B-AE31-BDA2FF7532FD}.Release|Mixed Platforms.ActiveCfg = Release|Any CPU
		{F0E90F7F-F287-423B-AE31-BDA2FF7532FD}.Release|Mixed Platforms.Build.0 = Release|Any CPU
		{F0E90F7F-F287-423B-AE31-BDA2FF7532FD}.Release|Win32.ActiveCfg = Release|Any CPU
		{F0E90F7F-F287-423B-AE31-BDA2FF7532FD}.Release|x64.ActiveCfg = Release|Any CPU
		{F0E90F7F-F287-423B-AE31-BDA2FF7532FD}.Release|x86.ActiveCfg = Release|Any CPU
		{948112E9-BC5F-4EDA-8801-0D0E2779C728}.Debug|Any CPU.ActiveCfg = Debug|Any CPU
		{948112E9-BC5F-4EDA-8801-0D0E2779C728}.Debug|Any CPU.Build.0 = Debug|Any CPU
		{948112E9-BC5F-4EDA-8801-0D0E2779C728}.Debug|ARM.ActiveCfg = Debug|Any CPU
		{948112E9-BC5F-4EDA-8801-0D0E2779C728}.Debug|Mixed Platforms.ActiveCfg = Debug|Any CPU
		{948112E9-BC5F-4EDA-8801-0D0E2779C728}.Debug|Mixed Platforms.Build.0 = Debug|Any CPU
		{948112E9-BC5F-4EDA-8801-0D0E2779C728}.Debug|Win32.ActiveCfg = Debug|Any CPU
		{948112E9-BC5F-4EDA-8801-0D0E2779C728}.Debug|x64.ActiveCfg = Debug|Any CPU
		{948112E9-BC5F-4EDA-8801-0D0E2779C728}.Debug|x86.ActiveCfg = Debug|Any CPU
		{948112E9-BC5F-4EDA-8801-0D0E2779C728}.Release|Any CPU.ActiveCfg = Release|Any CPU
		{948112E9-BC5F-4EDA-8801-0D0E2779C728}.Release|Any CPU.Build.0 = Release|Any CPU
		{948112E9-BC5F-4EDA-8801-0D0E2779C728}.Release|ARM.ActiveCfg = Release|Any CPU
		{948112E9-BC5F-4EDA-8801-0D0E2779C728}.Release|Mixed Platforms.ActiveCfg = Release|Any CPU
		{948112E9-BC5F-4EDA-8801-0D0E2779C728}.Release|Mixed Platforms.Build.0 = Release|Any CPU
		{948112E9-BC5F-4EDA-8801-0D0E2779C728}.Release|Win32.ActiveCfg = Release|Any CPU
		{948112E9-BC5F-4EDA-8801-0D0E2779C728}.Release|x64.ActiveCfg = Release|Any CPU
		{948112E9-BC5F-4EDA-8801-0D0E2779C728}.Release|x86.ActiveCfg = Release|Any CPU
		{67766AB7-1F88-4B34-9670-AA857C1125B7}.Debug|Any CPU.ActiveCfg = Debug|Any CPU
		{67766AB7-1F88-4B34-9670-AA857C1125B7}.Debug|Any CPU.Build.0 = Debug|Any CPU
		{67766AB7-1F88-4B34-9670-AA857C1125B7}.Debug|ARM.ActiveCfg = Debug|Any CPU
		{67766AB7-1F88-4B34-9670-AA857C1125B7}.Debug|Mixed Platforms.ActiveCfg = Debug|Any CPU
		{67766AB7-1F88-4B34-9670-AA857C1125B7}.Debug|Mixed Platforms.Build.0 = Debug|Any CPU
		{67766AB7-1F88-4B34-9670-AA857C1125B7}.Debug|Win32.ActiveCfg = Debug|Any CPU
		{67766AB7-1F88-4B34-9670-AA857C1125B7}.Debug|x64.ActiveCfg = Debug|Any CPU
		{67766AB7-1F88-4B34-9670-AA857C1125B7}.Debug|x86.ActiveCfg = Debug|Any CPU
		{67766AB7-1F88-4B34-9670-AA857C1125B7}.Release|Any CPU.ActiveCfg = Release|Any CPU
		{67766AB7-1F88-4B34-9670-AA857C1125B7}.Release|Any CPU.Build.0 = Release|Any CPU
		{67766AB7-1F88-4B34-9670-AA857C1125B7}.Release|ARM.ActiveCfg = Release|Any CPU
		{67766AB7-1F88-4B34-9670-AA857C1125B7}.Release|Mixed Platforms.ActiveCfg = Release|Any CPU
		{67766AB7-1F88-4B34-9670-AA857C1125B7}.Release|Mixed Platforms.Build.0 = Release|Any CPU
		{67766AB7-1F88-4B34-9670-AA857C1125B7}.Release|Win32.ActiveCfg = Release|Any CPU
		{67766AB7-1F88-4B34-9670-AA857C1125B7}.Release|x64.ActiveCfg = Release|Any CPU
		{67766AB7-1F88-4B34-9670-AA857C1125B7}.Release|x86.ActiveCfg = Release|Any CPU
		{6C5A2E42-EEE7-482E-9097-A3BC2C0529A1}.Debug|Any CPU.ActiveCfg = Debug|Any CPU
		{6C5A2E42-EEE7-482E-9097-A3BC2C0529A1}.Debug|Any CPU.Build.0 = Debug|Any CPU
		{6C5A2E42-EEE7-482E-9097-A3BC2C0529A1}.Debug|ARM.ActiveCfg = Debug|Any CPU
		{6C5A2E42-EEE7-482E-9097-A3BC2C0529A1}.Debug|Mixed Platforms.ActiveCfg = Debug|Any CPU
		{6C5A2E42-EEE7-482E-9097-A3BC2C0529A1}.Debug|Mixed Platforms.Build.0 = Debug|Any CPU
		{6C5A2E42-EEE7-482E-9097-A3BC2C0529A1}.Debug|Win32.ActiveCfg = Debug|Any CPU
		{6C5A2E42-EEE7-482E-9097-A3BC2C0529A1}.Debug|x64.ActiveCfg = Debug|Any CPU
		{6C5A2E42-EEE7-482E-9097-A3BC2C0529A1}.Debug|x86.ActiveCfg = Debug|Any CPU
		{6C5A2E42-EEE7-482E-9097-A3BC2C0529A1}.Release|Any CPU.ActiveCfg = Release|Any CPU
		{6C5A2E42-EEE7-482E-9097-A3BC2C0529A1}.Release|Any CPU.Build.0 = Release|Any CPU
		{6C5A2E42-EEE7-482E-9097-A3BC2C0529A1}.Release|ARM.ActiveCfg = Release|Any CPU
		{6C5A2E42-EEE7-482E-9097-A3BC2C0529A1}.Release|Mixed Platforms.ActiveCfg = Release|Any CPU
		{6C5A2E42-EEE7-482E-9097-A3BC2C0529A1}.Release|Mixed Platforms.Build.0 = Release|Any CPU
		{6C5A2E42-EEE7-482E-9097-A3BC2C0529A1}.Release|Win32.ActiveCfg = Release|Any CPU
		{6C5A2E42-EEE7-482E-9097-A3BC2C0529A1}.Release|x64.ActiveCfg = Release|Any CPU
		{6C5A2E42-EEE7-482E-9097-A3BC2C0529A1}.Release|x86.ActiveCfg = Release|Any CPU
		{93866026-C8AC-4705-AB8D-D230FEB96616}.Debug|Any CPU.ActiveCfg = Debug|Win32
		{93866026-C8AC-4705-AB8D-D230FEB96616}.Debug|ARM.ActiveCfg = Debug|Win32
		{93866026-C8AC-4705-AB8D-D230FEB96616}.Debug|Mixed Platforms.ActiveCfg = Debug|Win32
		{93866026-C8AC-4705-AB8D-D230FEB96616}.Debug|Mixed Platforms.Build.0 = Debug|Win32
		{93866026-C8AC-4705-AB8D-D230FEB96616}.Debug|Win32.ActiveCfg = Debug|Win32
		{93866026-C8AC-4705-AB8D-D230FEB96616}.Debug|Win32.Build.0 = Debug|Win32
		{93866026-C8AC-4705-AB8D-D230FEB96616}.Debug|x64.ActiveCfg = Debug|Win32
		{93866026-C8AC-4705-AB8D-D230FEB96616}.Debug|x86.ActiveCfg = Debug|Win32
		{93866026-C8AC-4705-AB8D-D230FEB96616}.Debug|x86.Build.0 = Debug|Win32
		{93866026-C8AC-4705-AB8D-D230FEB96616}.Release|Any CPU.ActiveCfg = Release|Win32
		{93866026-C8AC-4705-AB8D-D230FEB96616}.Release|ARM.ActiveCfg = Release|Win32
		{93866026-C8AC-4705-AB8D-D230FEB96616}.Release|Mixed Platforms.ActiveCfg = Release|Win32
		{93866026-C8AC-4705-AB8D-D230FEB96616}.Release|Mixed Platforms.Build.0 = Release|Win32
		{93866026-C8AC-4705-AB8D-D230FEB96616}.Release|Win32.ActiveCfg = Release|Win32
		{93866026-C8AC-4705-AB8D-D230FEB96616}.Release|Win32.Build.0 = Release|Win32
		{93866026-C8AC-4705-AB8D-D230FEB96616}.Release|x64.ActiveCfg = Release|Win32
		{93866026-C8AC-4705-AB8D-D230FEB96616}.Release|x86.ActiveCfg = Release|Win32
		{93866026-C8AC-4705-AB8D-D230FEB96616}.Release|x86.Build.0 = Release|Win32
		{0C82CE8B-1D27-4187-8DCF-13CFD33E35C8}.Debug|Any CPU.ActiveCfg = Debug|Any CPU
		{0C82CE8B-1D27-4187-8DCF-13CFD33E35C8}.Debug|Any CPU.Build.0 = Debug|Any CPU
		{0C82CE8B-1D27-4187-8DCF-13CFD33E35C8}.Debug|ARM.ActiveCfg = Debug|Any CPU
		{0C82CE8B-1D27-4187-8DCF-13CFD33E35C8}.Debug|Mixed Platforms.ActiveCfg = Debug|Any CPU
		{0C82CE8B-1D27-4187-8DCF-13CFD33E35C8}.Debug|Mixed Platforms.Build.0 = Debug|Any CPU
		{0C82CE8B-1D27-4187-8DCF-13CFD33E35C8}.Debug|Win32.ActiveCfg = Debug|Any CPU
		{0C82CE8B-1D27-4187-8DCF-13CFD33E35C8}.Debug|x64.ActiveCfg = Debug|Any CPU
		{0C82CE8B-1D27-4187-8DCF-13CFD33E35C8}.Debug|x86.ActiveCfg = Debug|Any CPU
		{0C82CE8B-1D27-4187-8DCF-13CFD33E35C8}.Release|Any CPU.ActiveCfg = Release|Any CPU
		{0C82CE8B-1D27-4187-8DCF-13CFD33E35C8}.Release|Any CPU.Build.0 = Release|Any CPU
		{0C82CE8B-1D27-4187-8DCF-13CFD33E35C8}.Release|ARM.ActiveCfg = Release|Any CPU
		{0C82CE8B-1D27-4187-8DCF-13CFD33E35C8}.Release|Mixed Platforms.ActiveCfg = Release|Any CPU
		{0C82CE8B-1D27-4187-8DCF-13CFD33E35C8}.Release|Mixed Platforms.Build.0 = Release|Any CPU
		{0C82CE8B-1D27-4187-8DCF-13CFD33E35C8}.Release|Win32.ActiveCfg = Release|Any CPU
		{0C82CE8B-1D27-4187-8DCF-13CFD33E35C8}.Release|x64.ActiveCfg = Release|Any CPU
		{0C82CE8B-1D27-4187-8DCF-13CFD33E35C8}.Release|x86.ActiveCfg = Release|Any CPU
		{BD7EC48E-68B2-43CF-A23C-CAAAABCF2C55}.Debug|Any CPU.ActiveCfg = Debug|Any CPU
		{BD7EC48E-68B2-43CF-A23C-CAAAABCF2C55}.Debug|Any CPU.Build.0 = Debug|Any CPU
		{BD7EC48E-68B2-43CF-A23C-CAAAABCF2C55}.Debug|ARM.ActiveCfg = Debug|Any CPU
		{BD7EC48E-68B2-43CF-A23C-CAAAABCF2C55}.Debug|Mixed Platforms.ActiveCfg = Debug|Any CPU
		{BD7EC48E-68B2-43CF-A23C-CAAAABCF2C55}.Debug|Mixed Platforms.Build.0 = Debug|Any CPU
		{BD7EC48E-68B2-43CF-A23C-CAAAABCF2C55}.Debug|Win32.ActiveCfg = Debug|Any CPU
		{BD7EC48E-68B2-43CF-A23C-CAAAABCF2C55}.Debug|x64.ActiveCfg = Debug|Any CPU
		{BD7EC48E-68B2-43CF-A23C-CAAAABCF2C55}.Debug|x86.ActiveCfg = Debug|Any CPU
		{BD7EC48E-68B2-43CF-A23C-CAAAABCF2C55}.Release|Any CPU.ActiveCfg = Release|Any CPU
		{BD7EC48E-68B2-43CF-A23C-CAAAABCF2C55}.Release|Any CPU.Build.0 = Release|Any CPU
		{BD7EC48E-68B2-43CF-A23C-CAAAABCF2C55}.Release|ARM.ActiveCfg = Release|Any CPU
		{BD7EC48E-68B2-43CF-A23C-CAAAABCF2C55}.Release|Mixed Platforms.ActiveCfg = Release|Any CPU
		{BD7EC48E-68B2-43CF-A23C-CAAAABCF2C55}.Release|Mixed Platforms.Build.0 = Release|Any CPU
		{BD7EC48E-68B2-43CF-A23C-CAAAABCF2C55}.Release|Win32.ActiveCfg = Release|Any CPU
		{BD7EC48E-68B2-43CF-A23C-CAAAABCF2C55}.Release|x64.ActiveCfg = Release|Any CPU
		{BD7EC48E-68B2-43CF-A23C-CAAAABCF2C55}.Release|x86.ActiveCfg = Release|Any CPU
		{9C62FF1A-BD72-4E18-BE73-163FFB12100A}.Debug|Any CPU.ActiveCfg = Debug|Any CPU
		{9C62FF1A-BD72-4E18-BE73-163FFB12100A}.Debug|Any CPU.Build.0 = Debug|Any CPU
		{9C62FF1A-BD72-4E18-BE73-163FFB12100A}.Debug|ARM.ActiveCfg = Debug|Any CPU
		{9C62FF1A-BD72-4E18-BE73-163FFB12100A}.Debug|Mixed Platforms.ActiveCfg = Debug|Any CPU
		{9C62FF1A-BD72-4E18-BE73-163FFB12100A}.Debug|Mixed Platforms.Build.0 = Debug|Any CPU
		{9C62FF1A-BD72-4E18-BE73-163FFB12100A}.Debug|Win32.ActiveCfg = Debug|Any CPU
		{9C62FF1A-BD72-4E18-BE73-163FFB12100A}.Debug|x64.ActiveCfg = Debug|Any CPU
		{9C62FF1A-BD72-4E18-BE73-163FFB12100A}.Debug|x86.ActiveCfg = Debug|Any CPU
		{9C62FF1A-BD72-4E18-BE73-163FFB12100A}.Release|Any CPU.ActiveCfg = Release|Any CPU
		{9C62FF1A-BD72-4E18-BE73-163FFB12100A}.Release|Any CPU.Build.0 = Release|Any CPU
		{9C62FF1A-BD72-4E18-BE73-163FFB12100A}.Release|ARM.ActiveCfg = Release|Any CPU
		{9C62FF1A-BD72-4E18-BE73-163FFB12100A}.Release|Mixed Platforms.ActiveCfg = Release|Any CPU
		{9C62FF1A-BD72-4E18-BE73-163FFB12100A}.Release|Mixed Platforms.Build.0 = Release|Any CPU
		{9C62FF1A-BD72-4E18-BE73-163FFB12100A}.Release|Win32.ActiveCfg = Release|Any CPU
		{9C62FF1A-BD72-4E18-BE73-163FFB12100A}.Release|x64.ActiveCfg = Release|Any CPU
		{9C62FF1A-BD72-4E18-BE73-163FFB12100A}.Release|x86.ActiveCfg = Release|Any CPU
		{28EAE4BF-96B9-435E-A569-1E1B1B0EC2CA}.Debug|Any CPU.ActiveCfg = Debug|Any CPU
		{28EAE4BF-96B9-435E-A569-1E1B1B0EC2CA}.Debug|Any CPU.Build.0 = Debug|Any CPU
		{28EAE4BF-96B9-435E-A569-1E1B1B0EC2CA}.Debug|ARM.ActiveCfg = Debug|Any CPU
		{28EAE4BF-96B9-435E-A569-1E1B1B0EC2CA}.Debug|Mixed Platforms.ActiveCfg = Debug|Any CPU
		{28EAE4BF-96B9-435E-A569-1E1B1B0EC2CA}.Debug|Mixed Platforms.Build.0 = Debug|Any CPU
		{28EAE4BF-96B9-435E-A569-1E1B1B0EC2CA}.Debug|Win32.ActiveCfg = Debug|Any CPU
		{28EAE4BF-96B9-435E-A569-1E1B1B0EC2CA}.Debug|x64.ActiveCfg = Debug|Any CPU
		{28EAE4BF-96B9-435E-A569-1E1B1B0EC2CA}.Debug|x86.ActiveCfg = Debug|Any CPU
		{28EAE4BF-96B9-435E-A569-1E1B1B0EC2CA}.Release|Any CPU.ActiveCfg = Release|Any CPU
		{28EAE4BF-96B9-435E-A569-1E1B1B0EC2CA}.Release|Any CPU.Build.0 = Release|Any CPU
		{28EAE4BF-96B9-435E-A569-1E1B1B0EC2CA}.Release|ARM.ActiveCfg = Release|Any CPU
		{28EAE4BF-96B9-435E-A569-1E1B1B0EC2CA}.Release|Mixed Platforms.ActiveCfg = Release|Any CPU
		{28EAE4BF-96B9-435E-A569-1E1B1B0EC2CA}.Release|Mixed Platforms.Build.0 = Release|Any CPU
		{28EAE4BF-96B9-435E-A569-1E1B1B0EC2CA}.Release|Win32.ActiveCfg = Release|Any CPU
		{28EAE4BF-96B9-435E-A569-1E1B1B0EC2CA}.Release|x64.ActiveCfg = Release|Any CPU
		{28EAE4BF-96B9-435E-A569-1E1B1B0EC2CA}.Release|x86.ActiveCfg = Release|Any CPU
		{2C446885-DA09-486F-9EA5-2146D8258AEC}.Debug|Any CPU.ActiveCfg = Debug|Any CPU
		{2C446885-DA09-486F-9EA5-2146D8258AEC}.Debug|Any CPU.Build.0 = Debug|Any CPU
		{2C446885-DA09-486F-9EA5-2146D8258AEC}.Debug|ARM.ActiveCfg = Debug|Any CPU
		{2C446885-DA09-486F-9EA5-2146D8258AEC}.Debug|Mixed Platforms.ActiveCfg = Debug|Any CPU
		{2C446885-DA09-486F-9EA5-2146D8258AEC}.Debug|Mixed Platforms.Build.0 = Debug|Any CPU
		{2C446885-DA09-486F-9EA5-2146D8258AEC}.Debug|Win32.ActiveCfg = Debug|Any CPU
		{2C446885-DA09-486F-9EA5-2146D8258AEC}.Debug|x64.ActiveCfg = Debug|Any CPU
		{2C446885-DA09-486F-9EA5-2146D8258AEC}.Debug|x86.ActiveCfg = Debug|Any CPU
		{2C446885-DA09-486F-9EA5-2146D8258AEC}.Release|Any CPU.ActiveCfg = Release|Any CPU
		{2C446885-DA09-486F-9EA5-2146D8258AEC}.Release|Any CPU.Build.0 = Release|Any CPU
		{2C446885-DA09-486F-9EA5-2146D8258AEC}.Release|ARM.ActiveCfg = Release|Any CPU
		{2C446885-DA09-486F-9EA5-2146D8258AEC}.Release|Mixed Platforms.ActiveCfg = Release|Any CPU
		{2C446885-DA09-486F-9EA5-2146D8258AEC}.Release|Mixed Platforms.Build.0 = Release|Any CPU
		{2C446885-DA09-486F-9EA5-2146D8258AEC}.Release|Win32.ActiveCfg = Release|Any CPU
		{2C446885-DA09-486F-9EA5-2146D8258AEC}.Release|x64.ActiveCfg = Release|Any CPU
		{2C446885-DA09-486F-9EA5-2146D8258AEC}.Release|x86.ActiveCfg = Release|Any CPU
		{23629581-FB9A-4C98-844C-7F66786AB361}.Debug|Any CPU.ActiveCfg = Debug|Any CPU
		{23629581-FB9A-4C98-844C-7F66786AB361}.Debug|Any CPU.Build.0 = Debug|Any CPU
		{23629581-FB9A-4C98-844C-7F66786AB361}.Debug|ARM.ActiveCfg = Debug|Any CPU
		{23629581-FB9A-4C98-844C-7F66786AB361}.Debug|Mixed Platforms.ActiveCfg = Debug|Any CPU
		{23629581-FB9A-4C98-844C-7F66786AB361}.Debug|Mixed Platforms.Build.0 = Debug|Any CPU
		{23629581-FB9A-4C98-844C-7F66786AB361}.Debug|Win32.ActiveCfg = Debug|Any CPU
		{23629581-FB9A-4C98-844C-7F66786AB361}.Debug|x64.ActiveCfg = Debug|Any CPU
		{23629581-FB9A-4C98-844C-7F66786AB361}.Debug|x86.ActiveCfg = Debug|Any CPU
		{23629581-FB9A-4C98-844C-7F66786AB361}.Release|Any CPU.ActiveCfg = Release|Any CPU
		{23629581-FB9A-4C98-844C-7F66786AB361}.Release|Any CPU.Build.0 = Release|Any CPU
		{23629581-FB9A-4C98-844C-7F66786AB361}.Release|ARM.ActiveCfg = Release|Any CPU
		{23629581-FB9A-4C98-844C-7F66786AB361}.Release|Mixed Platforms.ActiveCfg = Release|Any CPU
		{23629581-FB9A-4C98-844C-7F66786AB361}.Release|Mixed Platforms.Build.0 = Release|Any CPU
		{23629581-FB9A-4C98-844C-7F66786AB361}.Release|Win32.ActiveCfg = Release|Any CPU
		{23629581-FB9A-4C98-844C-7F66786AB361}.Release|x64.ActiveCfg = Release|Any CPU
		{23629581-FB9A-4C98-844C-7F66786AB361}.Release|x86.ActiveCfg = Release|Any CPU
	EndGlobalSection
	GlobalSection(SolutionProperties) = preSolution
		HideSolutionNode = FALSE
	EndGlobalSection
	GlobalSection(NestedProjects) = preSolution
		{62DDB9A0-7AA3-411F-B0C3-DA4DFE22299B} = {EB37EA02-4384-4DD1-92AE-DC69992D1A41}
		{A702CB78-13EA-414A-AFBE-C9CD3126DB77} = {EB37EA02-4384-4DD1-92AE-DC69992D1A41}
		{214CCAE7-ED76-4F22-85B6-1F0AD95798D1} = {EB37EA02-4384-4DD1-92AE-DC69992D1A41}
		{F0E90F7F-F287-423B-AE31-BDA2FF7532FD} = {EB37EA02-4384-4DD1-92AE-DC69992D1A41}
		{948112E9-BC5F-4EDA-8801-0D0E2779C728} = {EB37EA02-4384-4DD1-92AE-DC69992D1A41}
		{6C5A2E42-EEE7-482E-9097-A3BC2C0529A1} = {75FBA7BB-7D03-4E5E-AB6C-E6263957FA03}
		{93866026-C8AC-4705-AB8D-D230FEB96616} = {75FBA7BB-7D03-4E5E-AB6C-E6263957FA03}
		{0C82CE8B-1D27-4187-8DCF-13CFD33E35C8} = {75FBA7BB-7D03-4E5E-AB6C-E6263957FA03}
		{BD7EC48E-68B2-43CF-A23C-CAAAABCF2C55} = {EB37EA02-4384-4DD1-92AE-DC69992D1A41}
		{9C62FF1A-BD72-4E18-BE73-163FFB12100A} = {75FBA7BB-7D03-4E5E-AB6C-E6263957FA03}
		{23629581-FB9A-4C98-844C-7F66786AB361} = {EB37EA02-4384-4DD1-92AE-DC69992D1A41}
	EndGlobalSection
EndGlobal
